
Microsoft Visual Studio Solution File, Format Version 12.00
# Visual Studio Version 17
VisualStudioVersion = 17.11.35312.102
MinimumVisualStudioVersion = 10.0.40219.1
Project("{9A19103F-16F7-4668-BE54-9A1E7A4F7556}") = "Mapaille.ExplodingKittens.WebApp", "src\Mapaille.ExplodingKittens.WebApp\Mapaille.ExplodingKittens.WebApp.csproj", "{B393E88A-8771-43A5-BD11-D244F6A56456}"
EndProject
Project("{2150E333-8FDC-42A3-9474-1A3956D46DE8}") = "src", "src", "{43189096-CF4E-42EA-8DCD-610F829FBD57}"
EndProject
Project("{FAE04EC0-301F-11D3-BF4B-00C04F79EFBC}") = "Mapaille.ExplodingKittens.Game", "src\Mapaille.ExplodingKittens.Game\Mapaille.ExplodingKittens.Game.csproj", "{366DF7DB-AC22-43A4-A32C-1D2070534ED8}"
EndProject
Global
	GlobalSection(SolutionConfigurationPlatforms) = preSolution
		Debug|Any CPU = Debug|Any CPU
		Release|Any CPU = Release|Any CPU
	EndGlobalSection
	GlobalSection(ProjectConfigurationPlatforms) = postSolution
		{B393E88A-8771-43A5-BD11-D244F6A56456}.Debug|Any CPU.ActiveCfg = Debug|Any CPU
		{B393E88A-8771-43A5-BD11-D244F6A56456}.Debug|Any CPU.Build.0 = Debug|Any CPU
		{B393E88A-8771-43A5-BD11-D244F6A56456}.Release|Any CPU.ActiveCfg = Release|Any CPU
		{B393E88A-8771-43A5-BD11-D244F6A56456}.Release|Any CPU.Build.0 = Release|Any CPU
		{366DF7DB-AC22-43A4-A32C-1D2070534ED8}.Debug|Any CPU.ActiveCfg = Debug|Any CPU
		{366DF7DB-AC22-43A4-A32C-1D2070534ED8}.Debug|Any CPU.Build.0 = Debug|Any CPU
		{366DF7DB-AC22-43A4-A32C-1D2070534ED8}.Release|Any CPU.ActiveCfg = Release|Any CPU
		{366DF7DB-AC22-43A4-A32C-1D2070534ED8}.Release|Any CPU.Build.0 = Release|Any CPU
	EndGlobalSection
	GlobalSection(SolutionProperties) = preSolution
		HideSolutionNode = FALSE
	EndGlobalSection
	GlobalSection(NestedProjects) = preSolution
		{B393E88A-8771-43A5-BD11-D244F6A56456} = {43189096-CF4E-42EA-8DCD-610F829FBD57}
		{366DF7DB-AC22-43A4-A32C-1D2070534ED8} = {43189096-CF4E-42EA-8DCD-610F829FBD57}
	EndGlobalSection
	GlobalSection(ExtensibilityGlobals) = postSolution
		SolutionGuid = {20FCEF8F-27C4-45DF-82B3-CB2573D003DF}
	EndGlobalSection
EndGlobal
